
Microsoft Visual Studio Solution File, Format Version 12.00
# Visual Studio Version 17
VisualStudioVersion = 17.4.33205.214
MinimumVisualStudioVersion = 10.0.40219.1
Project("{FAE04EC0-301F-11D3-BF4B-00C04F79EFBC}") = "SubtitleBatchRenamer", "SubtitleBatchRenamer.csproj", "{447DD37F-7B13-493B-9427-49FC1498277E}"
EndProject
Global
	GlobalSection(SolutionConfigurationPlatforms) = preSolution
		Debug|Any CPU = Debug|Any CPU
		Release|Any CPU = Release|Any CPU
	EndGlobalSection
	GlobalSection(ProjectConfigurationPlatforms) = postSolution
		{447DD37F-7B13-493B-9427-49FC1498277E}.Debug|Any CPU.ActiveCfg = Debug|Any CPU
		{447DD37F-7B13-493B-9427-49FC1498277E}.Debug|Any CPU.Build.0 = Debug|Any CPU
		{447DD37F-7B13-493B-9427-49FC1498277E}.Release|Any CPU.ActiveCfg = Release|Any CPU
		{447DD37F-7B13-493B-9427-49FC1498277E}.Release|Any CPU.Build.0 = Release|Any CPU
	EndGlobalSection
	GlobalSection(SolutionProperties) = preSolution
		HideSolutionNode = FALSE
	EndGlobalSection
	GlobalSection(ExtensibilityGlobals) = postSolution
		SolutionGuid = {000174FE-4595-43D9-86A8-B1E966D5E848}
	EndGlobalSection
EndGlobal
